
Microsoft Visual Studio Solution File, Format Version 12.00
# Visual Studio Version 16
VisualStudioVersion = 16.0.30611.23
MinimumVisualStudioVersion = 10.0.40219.1
Project("{8BC9CEB8-8B4A-11D0-8D11-00A0C91BC942}") = "snn", "snn\snn.vcxproj", "{BFEB81A2-98A3-44D5-A1DD-73507C052ACB}"
EndProject
Project("{8BC9CEB8-8B4A-11D0-8D11-00A0C91BC942}") = "snn_cpu", "snn_cpu\snn_cpu.vcxproj", "{CBBB42DD-F489-46B6-A107-B9264E9F0A80}"
EndProject
Project("{8BC9CEB8-8B4A-11D0-8D11-00A0C91BC942}") = "snn_gpu", "snn_gpu\snn_gpu.vcxproj", "{83781F6D-9EF7-4C59-92DD-74FF2743FB17}"
EndProject
Project("{8BC9CEB8-8B4A-11D0-8D11-00A0C91BC942}") = "tests", "tests\tests.vcxproj", "{081C3AE0-5439-4071-9A0C-E8F3554C8D9C}"
EndProject
Global
	GlobalSection(SolutionConfigurationPlatforms) = preSolution
		Debug|x64 = Debug|x64
		Debug|x86 = Debug|x86
		Release|x64 = Release|x64
		Release|x86 = Release|x86
	EndGlobalSection
	GlobalSection(ProjectConfigurationPlatforms) = postSolution
		{BFEB81A2-98A3-44D5-A1DD-73507C052ACB}.Debug|x64.ActiveCfg = Debug|x64
		{BFEB81A2-98A3-44D5-A1DD-73507C052ACB}.Debug|x64.Build.0 = Debug|x64
		{BFEB81A2-98A3-44D5-A1DD-73507C052ACB}.Debug|x86.ActiveCfg = Debug|Win32
		{BFEB81A2-98A3-44D5-A1DD-73507C052ACB}.Debug|x86.Build.0 = Debug|Win32
		{BFEB81A2-98A3-44D5-A1DD-73507C052ACB}.Release|x64.ActiveCfg = Release|x64
		{BFEB81A2-98A3-44D5-A1DD-73507C052ACB}.Release|x64.Build.0 = Release|x64
		{BFEB81A2-98A3-44D5-A1DD-73507C052ACB}.Release|x86.ActiveCfg = Release|Win32
		{BFEB81A2-98A3-44D5-A1DD-73507C052ACB}.Release|x86.Build.0 = Release|Win32
		{CBBB42DD-F489-46B6-A107-B9264E9F0A80}.Debug|x64.ActiveCfg = Debug|x64
		{CBBB42DD-F489-46B6-A107-B9264E9F0A80}.Debug|x64.Build.0 = Debug|x64
		{CBBB42DD-F489-46B6-A107-B9264E9F0A80}.Debug|x86.ActiveCfg = Debug|Win32
		{CBBB42DD-F489-46B6-A107-B9264E9F0A80}.Debug|x86.Build.0 = Debug|Win32
		{CBBB42DD-F489-46B6-A107-B9264E9F0A80}.Release|x64.ActiveCfg = Release|x64
		{CBBB42DD-F489-46B6-A107-B9264E9F0A80}.Release|x64.Build.0 = Release|x64
		{CBBB42DD-F489-46B6-A107-B9264E9F0A80}.Release|x86.ActiveCfg = Release|Win32
		{CBBB42DD-F489-46B6-A107-B9264E9F0A80}.Release|x86.Build.0 = Release|Win32
		{83781F6D-9EF7-4C59-92DD-74FF2743FB17}.Debug|x64.ActiveCfg = Debug|x64
		{83781F6D-9EF7-4C59-92DD-74FF2743FB17}.Debug|x86.ActiveCfg = Debug|Win32
		{83781F6D-9EF7-4C59-92DD-74FF2743FB17}.Debug|x86.Build.0 = Debug|Win32
		{83781F6D-9EF7-4C59-92DD-74FF2743FB17}.Release|x64.ActiveCfg = Release|x64
		{83781F6D-9EF7-4C59-92DD-74FF2743FB17}.Release|x86.ActiveCfg = Release|Win32
		{83781F6D-9EF7-4C59-92DD-74FF2743FB17}.Release|x86.Build.0 = Release|Win32
		{081C3AE0-5439-4071-9A0C-E8F3554C8D9C}.Debug|x64.ActiveCfg = Debug|x64
		{081C3AE0-5439-4071-9A0C-E8F3554C8D9C}.Debug|x64.Build.0 = Debug|x64
		{081C3AE0-5439-4071-9A0C-E8F3554C8D9C}.Debug|x86.ActiveCfg = Debug|Win32
		{081C3AE0-5439-4071-9A0C-E8F3554C8D9C}.Debug|x86.Build.0 = Debug|Win32
		{081C3AE0-5439-4071-9A0C-E8F3554C8D9C}.Release|x64.ActiveCfg = Release|x64
		{081C3AE0-5439-4071-9A0C-E8F3554C8D9C}.Release|x64.Build.0 = Release|x64
		{081C3AE0-5439-4071-9A0C-E8F3554C8D9C}.Release|x86.ActiveCfg = Release|Win32
		{081C3AE0-5439-4071-9A0C-E8F3554C8D9C}.Release|x86.Build.0 = Release|Win32
	EndGlobalSection
	GlobalSection(SolutionProperties) = preSolution
		HideSolutionNode = FALSE
	EndGlobalSection
	GlobalSection(ExtensibilityGlobals) = postSolution
		SolutionGuid = {75BC1874-7ABD-4D04-B36B-A559CB57163F}
	EndGlobalSection
EndGlobal
