<?xml version="1.0" encoding="utf-8"?>
<Project ToolsVersion="4.0" xmlns="http://schemas.microsoft.com/developer/msbuild/2003">
  <ItemGroup>
    <Filter Include="Source Files">
      <UniqueIdentifier>{4FC737F1-C7A5-4376-A066-2A32D752A2FF}</UniqueIdentifier>
      <Extensions>cpp;c;cc;cxx;c++;cppm;ixx;def;odl;idl;hpj;bat;asm;asmx</Extensions>
    </Filter>
    <Filter Include="Header Files">
      <UniqueIdentifier>{93995380-89BD-4b04-88EB-625FBE52EBFB}</UniqueIdentifier>
      <Extensions>h;hh;hpp;hxx;h++;hm;inl;inc;ipp;xsd</Extensions>
    </Filter>
    <Filter Include="Header Files\encoders">
      <UniqueIdentifier>{27eeb042-4d14-4dd3-b1f6-1d417748d3fc}</UniqueIdentifier>
    </Filter>
    <Filter Include="Header Files\decoders">
      <UniqueIdentifier>{ec29d32d-c8aa-496a-9457-c1ed5332b18b}</UniqueIdentifier>
    </Filter>
  </ItemGroup>
  <ItemGroup>
    <ClCompile Include="..\..\core\src\network.cpp">
      <Filter>Source Files</Filter>
    </ClCompile>
    <ClCompile Include="..\..\core\src\networkLoader.cpp">
      <Filter>Source Files</Filter>
    </ClCompile>
    <ClCompile Include="..\..\core\src\neuron.cpp">
      <Filter>Source Files</Filter>
    </ClCompile>
    <ClCompile Include="..\..\core\src\synapse.cpp">
      <Filter>Source Files</Filter>
    </ClCompile>
    <ClCompile Include="..\..\core\main.cpp">
      <Filter>Source Files</Filter>
    </ClCompile>
    <ClCompile Include="..\..\core\src\NetworkEditor.cpp">
      <Filter>Source Files</Filter>
    </ClCompile>
  </ItemGroup>
  <ItemGroup>
    <ClInclude Include="..\..\core\src\network.hpp">
      <Filter>Header Files</Filter>
    </ClInclude>
    <ClInclude Include="..\..\core\src\networkLoader.hpp">
      <Filter>Header Files</Filter>
    </ClInclude>
    <ClInclude Include="..\..\core\src\neuron.hpp">
      <Filter>Header Files</Filter>
    </ClInclude>
    <ClInclude Include="..\..\core\src\synapse.hpp">
      <Filter>Header Files</Filter>
    </ClInclude>
    <ClInclude Include="..\..\core\src\utils.hpp">
      <Filter>Header Files</Filter>
    </ClInclude>
    <ClInclude Include="..\..\core\src\cudaNetwork.cuh">
      <Filter>Header Files</Filter>
    </ClInclude>
    <ClInclude Include="..\..\core\src\decoders\averageOverTime.hpp">
      <Filter>Header Files\decoders</Filter>
    </ClInclude>
    <ClInclude Include="..\..\core\src\decoders\binary.hpp">
      <Filter>Header Files\decoders</Filter>
    </ClInclude>
    <ClInclude Include="..\..\core\src\decoders\decoder.hpp">
      <Filter>Header Files\decoders</Filter>
    </ClInclude>
    <ClInclude Include="..\..\core\src\decoders\transparent.hpp">
      <Filter>Header Files\decoders</Filter>
    </ClInclude>
    <ClInclude Include="..\..\core\src\encoders\averageOverTime.hpp">
      <Filter>Header Files\encoders</Filter>
    </ClInclude>
    <ClInclude Include="..\..\core\src\encoders\encoder.hpp">
      <Filter>Header Files\encoders</Filter>
    </ClInclude>
    <ClInclude Include="..\..\core\src\encoders\transparent.hpp">
      <Filter>Header Files\encoders</Filter>
    </ClInclude>
    <ClInclude Include="..\..\core\src\NetworkEditor.hpp">
      <Filter>Header Files</Filter>
    </ClInclude>
  </ItemGroup>
  <ItemGroup>
    <CudaCompile Include="..\..\core\src\cudaNetwork.cu">
      <Filter>Source Files</Filter>
    </CudaCompile>
  </ItemGroup>
</Project>